
Microsoft Visual Studio Solution File, Format Version 12.00
# Visual Studio Version 16
VisualStudioVersion = 16.0.32802.440
MinimumVisualStudioVersion = 10.0.40219.1
Project("{FAE04EC0-301F-11D3-BF4B-00C04F79EFBC}") = "CadastroAPI", "CadastroAPI.csproj", "{3FB57D47-1950-4073-9D5B-452ACA29A881}"
EndProject
Project("{FAE04EC0-301F-11D3-BF4B-00C04F79EFBC}") = "ProductsWebApp", "..\ProductsWebApp\ProductsWebApp.csproj", "{D7B797A7-8B2F-4E64-BCDD-B0DC26573A07}"
EndProject
Global
	GlobalSection(SolutionConfigurationPlatforms) = preSolution
		Debug|Any CPU = Debug|Any CPU
		Release|Any CPU = Release|Any CPU
	EndGlobalSection
	GlobalSection(ProjectConfigurationPlatforms) = postSolution
		{3FB57D47-1950-4073-9D5B-452ACA29A881}.Debug|Any CPU.ActiveCfg = Debug|Any CPU
		{3FB57D47-1950-4073-9D5B-452ACA29A881}.Debug|Any CPU.Build.0 = Debug|Any CPU
		{3FB57D47-1950-4073-9D5B-452ACA29A881}.Release|Any CPU.ActiveCfg = Release|Any CPU
		{3FB57D47-1950-4073-9D5B-452ACA29A881}.Release|Any CPU.Build.0 = Release|Any CPU
		{D7B797A7-8B2F-4E64-BCDD-B0DC26573A07}.Debug|Any CPU.ActiveCfg = Debug|Any CPU
		{D7B797A7-8B2F-4E64-BCDD-B0DC26573A07}.Debug|Any CPU.Build.0 = Debug|Any CPU
		{D7B797A7-8B2F-4E64-BCDD-B0DC26573A07}.Release|Any CPU.ActiveCfg = Release|Any CPU
		{D7B797A7-8B2F-4E64-BCDD-B0DC26573A07}.Release|Any CPU.Build.0 = Release|Any CPU
	EndGlobalSection
	GlobalSection(SolutionProperties) = preSolution
		HideSolutionNode = FALSE
	EndGlobalSection
	GlobalSection(ExtensibilityGlobals) = postSolution
		SolutionGuid = {AE8E6EBF-6420-4832-86CF-E4B948A46E04}
	EndGlobalSection
EndGlobal
